
Microsoft Visual Studio Solution File, Format Version 12.00
# Visual Studio 15
VisualStudioVersion = 15.0.28010.2050
MinimumVisualStudioVersion = 10.0.40219.1
Project("{FAE04EC0-301F-11D3-BF4B-00C04F79EFBC}") = "PIS1", "PIS1\PIS1.csproj", "{29C39E35-8764-4B34-9EC7-587BAA535135}"
EndProject
Global
	GlobalSection(SolutionConfigurationPlatforms) = preSolution
		Debug|Any CPU = Debug|Any CPU
		Release|Any CPU = Release|Any CPU
	EndGlobalSection
	GlobalSection(ProjectConfigurationPlatforms) = postSolution
		{29C39E35-8764-4B34-9EC7-587BAA535135}.Debug|Any CPU.ActiveCfg = Debug|Any CPU
		{29C39E35-8764-4B34-9EC7-587BAA535135}.Debug|Any CPU.Build.0 = Debug|Any CPU
		{29C39E35-8764-4B34-9EC7-587BAA535135}.Release|Any CPU.ActiveCfg = Release|Any CPU
		{29C39E35-8764-4B34-9EC7-587BAA535135}.Release|Any CPU.Build.0 = Release|Any CPU
	EndGlobalSection
	GlobalSection(SolutionProperties) = preSolution
		HideSolutionNode = FALSE
	EndGlobalSection
	GlobalSection(ExtensibilityGlobals) = postSolution
		SolutionGuid = {CE2AC3D6-04E8-42DC-AC8A-A038D86ADA4B}
	EndGlobalSection
EndGlobal
